# THIS IS AN AUTOGENERATED FILE. DO NOT EDIT THIS FILE DIRECTLY.
# yarn lockfile v1


itty-router@^2.4.4:
  version "2.4.4"
  resolved "https://packages.atlassian.com/api/npm/npm-remote/itty-router/-/itty-router-2.4.4.tgz#2d686b9525188dbc6da0dd1780eed106f7a892e8"
  integrity sha1-LWhrlSUYjbxtoN0XgO7RBveokug=

prettier@^1.18.2:
  version "1.19.1"
  resolved "https://packages.atlassian.com/api/npm/npm-remote/prettier/-/prettier-1.19.1.tgz#f7d7f5ff8a9cd872a7be4ca142095956a60797cb"
  integrity sha1-99f1/4qc2HKnvkyhQglZVqYHl8s=

uuid@^8.3.2:
  version "8.3.2"
  resolved "https://packages.atlassian.com/api/npm/npm-remote/uuid/-/uuid-8.3.2.tgz#80d5b5ced271bb9af6c445f21a1a04c606cefbe2"
  integrity sha1-gNW1ztJxu5r2xEXyGhoExgbO++I=
